
Microsoft Visual Studio Solution File, Format Version 12.00
# Visual Studio Version 16
VisualStudioVersion = 16.0.30523.141
MinimumVisualStudioVersion = 10.0.40219.1
Project("{9A19103F-16F7-4668-BE54-9A1E7A4F7556}") = "GameOfLife", "GameOfLife\GameOfLife.csproj", "{EB3EBD16-D2CD-4EF3-9370-7202F8406892}"
EndProject
Project("{FAE04EC0-301F-11D3-BF4B-00C04F79EFBC}") = "GameOfLifeUnitTests", "GameOfLifeUnitTests\GameOfLifeUnitTests.csproj", "{185B2595-E0EE-4BE4-A97F-CA888FC346D2}"
EndProject
Global
	GlobalSection(SolutionConfigurationPlatforms) = preSolution
		Debug|Any CPU = Debug|Any CPU
		Release|Any CPU = Release|Any CPU
	EndGlobalSection
	GlobalSection(ProjectConfigurationPlatforms) = postSolution
		{EB3EBD16-D2CD-4EF3-9370-7202F8406892}.Debug|Any CPU.ActiveCfg = Debug|Any CPU
		{EB3EBD16-D2CD-4EF3-9370-7202F8406892}.Debug|Any CPU.Build.0 = Debug|Any CPU
		{EB3EBD16-D2CD-4EF3-9370-7202F8406892}.Release|Any CPU.ActiveCfg = Release|Any CPU
		{EB3EBD16-D2CD-4EF3-9370-7202F8406892}.Release|Any CPU.Build.0 = Release|Any CPU
		{185B2595-E0EE-4BE4-A97F-CA888FC346D2}.Debug|Any CPU.ActiveCfg = Debug|Any CPU
		{185B2595-E0EE-4BE4-A97F-CA888FC346D2}.Debug|Any CPU.Build.0 = Debug|Any CPU
		{185B2595-E0EE-4BE4-A97F-CA888FC346D2}.Release|Any CPU.ActiveCfg = Release|Any CPU
		{185B2595-E0EE-4BE4-A97F-CA888FC346D2}.Release|Any CPU.Build.0 = Release|Any CPU
	EndGlobalSection
	GlobalSection(SolutionProperties) = preSolution
		HideSolutionNode = FALSE
	EndGlobalSection
	GlobalSection(ExtensibilityGlobals) = postSolution
		SolutionGuid = {2E0ECAD4-FBDA-4050-885A-ACCDC493AEC9}
	EndGlobalSection
EndGlobal
